{
  "name": "@spawner/nodejs-sdk",
  "version": "0.1.0",
  "lockfileVersion": 3,
  "requires": true,
  "packages": {
    "": {
      "name": "@spawner/nodejs-sdk",
      "version": "0.1.0",
      "license": "Apache-2.0",
      "dependencies": {
        "@bufbuild/buf": "^1.37.0",
        "@bufbuild/protobuf": "^2.0.0",
        "@bufbuild/protoc-gen-es": "^2.0.0",
        "@connectrpc/connect": "^2.0.0-alpha.1",
        "@connectrpc/connect-node": "^1.4.0",
        "typescript": "^5.4.5"
      },
      "devDependencies": {
        "@biomejs/biome": "1.8.2"
      }
    },
    "node_modules/@biomejs/biome": {
      "version": "1.8.2",
      "resolved": "https://registry.npmjs.org/@biomejs/biome/-/biome-1.8.2.tgz",
      "integrity": "sha512-XafCzLgs0xbH0bCjYKxQ63ig2V86fZQMq1jiy5pyLToWk9aHxA8GAUxyBtklPHtPYZPGEPOYglQHj4jyfUp+Iw==",
      "dev": true,
      "hasInstallScript": true,
      "bin": {
        "biome": "bin/biome"
      },
      "engines": {
        "node": ">=14.21.3"
      },
      "funding": {
        "type": "opencollective",
        "url": "https://opencollective.com/biome"
      },
      "optionalDependencies": {
        "@biomejs/cli-darwin-arm64": "1.8.2",
        "@biomejs/cli-darwin-x64": "1.8.2",
        "@biomejs/cli-linux-arm64": "1.8.2",
        "@biomejs/cli-linux-arm64-musl": "1.8.2",
        "@biomejs/cli-linux-x64": "1.8.2",
        "@biomejs/cli-linux-x64-musl": "1.8.2",
        "@biomejs/cli-win32-arm64": "1.8.2",
        "@biomejs/cli-win32-x64": "1.8.2"
      }
    },
    "node_modules/@biomejs/cli-darwin-arm64": {
      "version": "1.8.2",
      "resolved": "https://registry.npmjs.org/@biomejs/cli-darwin-arm64/-/cli-darwin-arm64-1.8.2.tgz",
      "integrity": "sha512-l9msLsTcSIAPqMsPIhodQmb50sEfaXPLQ0YW4cdj6INmd8iaOh/V9NceQb2366vACTJgcWDQ2RzlvURek1T68g==",
      "cpu": [
        "arm64"
      ],
      "dev": true,
      "optional": true,
      "os": [
        "darwin"
      ],
      "engines": {
        "node": ">=14.21.3"
      }
    },
    "node_modules/@biomejs/cli-darwin-x64": {
      "version": "1.8.2",
      "resolved": "https://registry.npmjs.org/@biomejs/cli-darwin-x64/-/cli-darwin-x64-1.8.2.tgz",
      "integrity": "sha512-Fc4y/FuIxRSiB3TJ+y27vFDE/HJt4QgBuymktsIKEcBZvnKfsRjxvzVDunccRn4xbKgepnp+fn6BoS+ZIg/I3Q==",
      "cpu": [
        "x64"
      ],
      "dev": true,
      "optional": true,
      "os": [
        "darwin"
      ],
      "engines": {
        "node": ">=14.21.3"
      }
    },
    "node_modules/@biomejs/cli-linux-arm64": {
      "version": "1.8.2",
      "resolved": "https://registry.npmjs.org/@biomejs/cli-linux-arm64/-/cli-linux-arm64-1.8.2.tgz",
      "integrity": "sha512-Q99qwP0qibkZxm2kfnt37OxeIlliDYf5ogi3zX9ij2DULzc+KtPA9Uj0wCljcJofOBsBYaHc7597Q+Bf/251ww==",
      "cpu": [
        "arm64"
      ],
      "dev": true,
      "optional": true,
      "os": [
        "linux"
      ],
      "engines": {
        "node": ">=14.21.3"
      }
    },
    "node_modules/@biomejs/cli-linux-arm64-musl": {
      "version": "1.8.2",
      "resolved": "https://registry.npmjs.org/@biomejs/cli-linux-arm64-musl/-/cli-linux-arm64-musl-1.8.2.tgz",
      "integrity": "sha512-WpT41QJJvkZa1eZq0WmD513zkC6AYaMI39HJKmKeiUeX2NZirG+bxv1YRDhqkns1NbBqo3+qrJqBkPmOW+xAVA==",
      "cpu": [
        "arm64"
      ],
      "dev": true,
      "optional": true,
      "os": [
        "linux"
      ],
      "engines": {
        "node": ">=14.21.3"
      }
    },
    "node_modules/@biomejs/cli-linux-x64": {
      "version": "1.8.2",
      "resolved": "https://registry.npmjs.org/@biomejs/cli-linux-x64/-/cli-linux-x64-1.8.2.tgz",
      "integrity": "sha512-bjhhUVFchFid2gOjrvBe4fg8BShcpyFQTHuB/QQnfGxs1ddrGP30yq3fHfc6S6MoCcz9Tjd3Zzq1EfWfyy5iHA==",
      "cpu": [
        "x64"
      ],
      "dev": true,
      "optional": true,
      "os": [
        "linux"
      ],
      "engines": {
        "node": ">=14.21.3"
      }
    },
    "node_modules/@biomejs/cli-linux-x64-musl": {
      "version": "1.8.2",
      "resolved": "https://registry.npmjs.org/@biomejs/cli-linux-x64-musl/-/cli-linux-x64-musl-1.8.2.tgz",
      "integrity": "sha512-rk1Wj4d3LIlAlIAS1m2jlyfOjkNbuY1lfwKvWIAeZC51yDMzwhRD7cReE5PE+jqLDtq60PX38hDPeKd7nA1S6A==",
      "cpu": [
        "x64"
      ],
      "dev": true,
      "optional": true,
      "os": [
        "linux"
      ],
      "engines": {
        "node": ">=14.21.3"
      }
    },
    "node_modules/@biomejs/cli-win32-arm64": {
      "version": "1.8.2",
      "resolved": "https://registry.npmjs.org/@biomejs/cli-win32-arm64/-/cli-win32-arm64-1.8.2.tgz",
      "integrity": "sha512-EUbqmCmNWT5xhnxHrCAEBzJB1AnLqxTYoRjlxiCMzGvsy5jQzhCanJ8CT9kNsApW3pfPWBWkoTa7qrwWmwnEGA==",
      "cpu": [
        "arm64"
      ],
      "dev": true,
      "optional": true,
      "os": [
        "win32"
      ],
      "engines": {
        "node": ">=14.21.3"
      }
    },
    "node_modules/@biomejs/cli-win32-x64": {
      "version": "1.8.2",
      "resolved": "https://registry.npmjs.org/@biomejs/cli-win32-x64/-/cli-win32-x64-1.8.2.tgz",
      "integrity": "sha512-n9H5oRUCk1uNezMgyJh9+hZdtfD8PXLLeq8DUzTycIhl0I1BulIoZ/uxWgRVDFDwAR1JHu1AykISCRFNGnc4iA==",
      "cpu": [
        "x64"
      ],
      "dev": true,
      "optional": true,
      "os": [
        "win32"
      ],
      "engines": {
        "node": ">=14.21.3"
      }
    },
    "node_modules/@bufbuild/buf": {
      "version": "1.37.0",
      "resolved": "https://registry.npmjs.org/@bufbuild/buf/-/buf-1.37.0.tgz",
      "integrity": "sha512-33Rp90nRa7ebTwAjI8Yc7f8WOQMOEfRM0mg/o1bkNvE6cGQhYiq82Ag27pcegvYIyXl413XCeLMAUegsqjuFqw==",
      "hasInstallScript": true,
      "bin": {
        "buf": "bin/buf",
        "protoc-gen-buf-breaking": "bin/protoc-gen-buf-breaking",
        "protoc-gen-buf-lint": "bin/protoc-gen-buf-lint"
      },
      "engines": {
        "node": ">=12"
      },
      "optionalDependencies": {
        "@bufbuild/buf-darwin-arm64": "1.37.0",
        "@bufbuild/buf-darwin-x64": "1.37.0",
        "@bufbuild/buf-linux-aarch64": "1.37.0",
        "@bufbuild/buf-linux-x64": "1.37.0",
        "@bufbuild/buf-win32-arm64": "1.37.0",
        "@bufbuild/buf-win32-x64": "1.37.0"
      }
    },
    "node_modules/@bufbuild/buf-darwin-arm64": {
      "version": "1.37.0",
      "resolved": "https://registry.npmjs.org/@bufbuild/buf-darwin-arm64/-/buf-darwin-arm64-1.37.0.tgz",
      "integrity": "sha512-YrT0HqLf7qJJ9VjXmnG900oGOjskerqfY4UTbpLb67b76uRxZm7pfSfqpM4bCaSru4j6GPBDwH9dkwiuNOenEA==",
      "cpu": [
        "arm64"
      ],
      "optional": true,
      "os": [
        "darwin"
      ],
      "engines": {
        "node": ">=12"
      }
    },
    "node_modules/@bufbuild/buf-darwin-x64": {
      "version": "1.37.0",
      "resolved": "https://registry.npmjs.org/@bufbuild/buf-darwin-x64/-/buf-darwin-x64-1.37.0.tgz",
      "integrity": "sha512-c1iDr1LaYcdzAK7v4ZBTiYVRPltPa1UNFQ3JJ6BI/RUaBk/eYFsykuNtsJQb5lXh/usjMz76juzOxAdYikcw7w==",
      "cpu": [
        "x64"
      ],
      "optional": true,
      "os": [
        "darwin"
      ],
      "engines": {
        "node": ">=12"
      }
    },
    "node_modules/@bufbuild/buf-linux-aarch64": {
      "version": "1.37.0",
      "resolved": "https://registry.npmjs.org/@bufbuild/buf-linux-aarch64/-/buf-linux-aarch64-1.37.0.tgz",
      "integrity": "sha512-ENaCLU4XZxQFc6+pWjNGeKITlzY0jYeEmz6R2cEeR9kVl+HyNNcTMaKxdffG5HNU5Ci1dC3pSY/ZIF3ck8UHVw==",
      "cpu": [
        "arm64"
      ],
      "optional": true,
      "os": [
        "linux"
      ],
      "engines": {
        "node": ">=12"
      }
    },
    "node_modules/@bufbuild/buf-linux-x64": {
      "version": "1.37.0",
      "resolved": "https://registry.npmjs.org/@bufbuild/buf-linux-x64/-/buf-linux-x64-1.37.0.tgz",
      "integrity": "sha512-/buQuUaBVU4rYqdoS/xmbyohJFaE4uy7boHMabCnI2aLsVBNPHYa/k0JMc+ZDRqgq0Wnth9VbIHn6DSGHG+cmw==",
      "cpu": [
        "x64"
      ],
      "optional": true,
      "os": [
        "linux"
      ],
      "engines": {
        "node": ">=12"
      }
    },
    "node_modules/@bufbuild/buf-win32-arm64": {
      "version": "1.37.0",
      "resolved": "https://registry.npmjs.org/@bufbuild/buf-win32-arm64/-/buf-win32-arm64-1.37.0.tgz",
      "integrity": "sha512-5Y1aaHge9iQP+YNyxUayMd+rSVbjNXLBXniJDQhim56B+6eufPiKzmTgAKjDE9hGTT+mcBdLznrCMI0fzDLHJw==",
      "cpu": [
        "arm64"
      ],
      "optional": true,
      "os": [
        "win32"
      ],
      "engines": {
        "node": ">=12"
      }
    },
    "node_modules/@bufbuild/buf-win32-x64": {
      "version": "1.37.0",
      "resolved": "https://registry.npmjs.org/@bufbuild/buf-win32-x64/-/buf-win32-x64-1.37.0.tgz",
      "integrity": "sha512-2BioEPdC6EM5zEKmTmM14ZJuuPjKuYIvoAwQ4hoCSJBllIhGvshk61NDYBorr1huEEq6baa4ITL/gWHJ86B0bw==",
      "cpu": [
        "x64"
      ],
      "optional": true,
      "os": [
        "win32"
      ],
      "engines": {
        "node": ">=12"
      }
    },
    "node_modules/@bufbuild/protobuf": {
      "version": "2.0.0",
      "resolved": "https://registry.npmjs.org/@bufbuild/protobuf/-/protobuf-2.0.0.tgz",
      "integrity": "sha512-sw2JhwJyvyL0zlhG61aDzOVryEfJg2PDZFSV7i7IdC7nAE41WuXCru3QWLGiP87At0BMzKOoKO/FqEGoKygGZQ=="
    },
    "node_modules/@bufbuild/protoc-gen-es": {
      "version": "2.0.0",
      "resolved": "https://registry.npmjs.org/@bufbuild/protoc-gen-es/-/protoc-gen-es-2.0.0.tgz",
      "integrity": "sha512-xXDrDFjSD97jGu9RMA8O4Myj66DdCLOFeYG7Z0mX1aCE9hayymfor+BKgKCQouUfty6CYv8709FPYpEtDurLFQ==",
      "dependencies": {
        "@bufbuild/protobuf": "^2.0.0",
        "@bufbuild/protoplugin": "2.0.0"
      },
      "bin": {
        "protoc-gen-es": "bin/protoc-gen-es"
      },
      "engines": {
        "node": ">=14"
      },
      "peerDependencies": {
        "@bufbuild/protobuf": "2.0.0"
      },
      "peerDependenciesMeta": {
        "@bufbuild/protobuf": {
          "optional": true
        }
      }
    },
    "node_modules/@bufbuild/protoplugin": {
      "version": "2.0.0",
      "resolved": "https://registry.npmjs.org/@bufbuild/protoplugin/-/protoplugin-2.0.0.tgz",
      "integrity": "sha512-y77IarGNbJfr5YZHQ+biO0O9B8rXicKLLOFRJu9mKr9LYE5/CLIKqonIBfkc/lggCK2YOtinjZJEYb39HymIog==",
      "dependencies": {
        "@bufbuild/protobuf": "2.0.0",
        "@typescript/vfs": "^1.5.2",
        "typescript": "5.4.5"
      }
    },
    "node_modules/@connectrpc/connect": {
      "version": "2.0.0-alpha.1",
      "resolved": "https://registry.npmjs.org/@connectrpc/connect/-/connect-2.0.0-alpha.1.tgz",
      "integrity": "sha512-eAjezEy1m+7bDtWt/TeXY2qIayq7R+WW8Jqwq3p8Q7ZTHpFJu0SBQivhRGQbNXSYR+QmqMk+j/FLAVlgB6CfHA==",
      "peerDependencies": {
        "@bufbuild/protobuf": "^2.0.0-beta.2"
      }
    },
    "node_modules/@connectrpc/connect-node": {
      "version": "1.4.0",
      "resolved": "https://registry.npmjs.org/@connectrpc/connect-node/-/connect-node-1.4.0.tgz",
      "integrity": "sha512-0ANnrr6SvsjevsWEgdzHy7BaHkluZyS6s4xNoVt7RBHFR5V/kT9lPokoIbYUOU9JHzdRgTaS3x5595mwUsu15g==",
      "license": "Apache-2.0",
      "dependencies": {
        "undici": "^5.28.3"
      },
      "engines": {
        "node": ">=16.0.0"
      },
      "peerDependencies": {
        "@bufbuild/protobuf": "^1.4.2",
        "@connectrpc/connect": "1.4.0"
      }
    },
    "node_modules/@fastify/busboy": {
      "version": "2.1.1",
      "resolved": "https://registry.npmjs.org/@fastify/busboy/-/busboy-2.1.1.tgz",
      "integrity": "sha512-vBZP4NlzfOlerQTnba4aqZoMhE/a9HY7HRqoOPaETQcSQuWEIyZMHGfVu6w9wGtGK5fED5qRs2DteVCjOH60sA==",
      "license": "MIT",
      "engines": {
        "node": ">=14"
      }
    },
    "node_modules/@typescript/vfs": {
      "version": "1.6.0",
      "resolved": "https://registry.npmjs.org/@typescript/vfs/-/vfs-1.6.0.tgz",
      "integrity": "sha512-hvJUjNVeBMp77qPINuUvYXj4FyWeeMMKZkxEATEU3hqBAQ7qdTBCUFT7Sp0Zu0faeEtFf+ldXxMEDr/bk73ISg==",
      "dependencies": {
        "debug": "^4.1.1"
      },
      "peerDependencies": {
        "typescript": "*"
      }
    },
    "node_modules/debug": {
      "version": "4.3.6",
      "resolved": "https://registry.npmjs.org/debug/-/debug-4.3.6.tgz",
      "integrity": "sha512-O/09Bd4Z1fBrU4VzkhFqVgpPzaGbw6Sm9FEkBT1A/YBXQFGuuSxa1dN2nxgxS34JmKXqYx8CZAwEVoJFImUXIg==",
      "dependencies": {
        "ms": "2.1.2"
      },
      "engines": {
        "node": ">=6.0"
      },
      "peerDependenciesMeta": {
        "supports-color": {
          "optional": true
        }
      }
    },
    "node_modules/ms": {
      "version": "2.1.2",
      "resolved": "https://registry.npmjs.org/ms/-/ms-2.1.2.tgz",
      "integrity": "sha512-sGkPx+VjMtmA6MX27oA4FBFELFCZZ4S4XqeGOXCv68tT+jb3vk/RyaKWP0PTKyWtmLSM0b+adUTEvbs1PEaH2w=="
    },
    "node_modules/typescript": {
      "version": "5.4.5",
      "resolved": "https://registry.npmjs.org/typescript/-/typescript-5.4.5.tgz",
      "integrity": "sha512-vcI4UpRgg81oIRUFwR0WSIHKt11nJ7SAVlYNIu+QpqeyXP+gpQJy/Z4+F0aGxSE4MqwjyXvW/TzgkLAx2AGHwQ==",
      "bin": {
        "tsc": "bin/tsc",
        "tsserver": "bin/tsserver"
      },
      "engines": {
        "node": ">=14.17"
      }
    },
    "node_modules/undici": {
      "version": "5.28.4",
      "resolved": "https://registry.npmjs.org/undici/-/undici-5.28.4.tgz",
      "integrity": "sha512-72RFADWFqKmUb2hmmvNODKL3p9hcB6Gt2DOQMis1SEBaV6a4MH8soBvzg+95CYhCKPFedut2JY9bMfrDl9D23g==",
      "license": "MIT",
      "dependencies": {
        "@fastify/busboy": "^2.0.0"
      },
      "engines": {
        "node": ">=14.0"
      }
    }
  }
}
