{
  "name": "@spawner/nodejs-sdk",
  "version": "0.1.0",
  "lockfileVersion": 3,
  "requires": true,
  "packages": {
    "": {
      "name": "@spawner/nodejs-sdk",
      "version": "0.1.0",
      "license": "Apache-2.0",
      "dependencies": {
        "@bufbuild/buf": "^1.47.2",
        "@bufbuild/protobuf": "^2.2.2",
        "@bufbuild/protoc-gen-es": "^2.0.0",
        "@connectrpc/connect": "^2.0.0",
        "@connectrpc/connect-node": "^2.0.0",
        "typescript": "^5.4.5"
      },
      "devDependencies": {
        "@biomejs/biome": "^1.9.4"
      }
    },
    "node_modules/@biomejs/biome": {
      "version": "1.9.4",
      "resolved": "https://registry.npmjs.org/@biomejs/biome/-/biome-1.9.4.tgz",
      "integrity": "sha512-1rkd7G70+o9KkTn5KLmDYXihGoTaIGO9PIIN2ZB7UJxFrWw04CZHPYiMRjYsaDvVV7hP1dYNRLxSANLaBFGpog==",
      "dev": true,
      "hasInstallScript": true,
      "bin": {
        "biome": "bin/biome"
      },
      "engines": {
        "node": ">=14.21.3"
      },
      "funding": {
        "type": "opencollective",
        "url": "https://opencollective.com/biome"
      },
      "optionalDependencies": {
        "@biomejs/cli-darwin-arm64": "1.9.4",
        "@biomejs/cli-darwin-x64": "1.9.4",
        "@biomejs/cli-linux-arm64": "1.9.4",
        "@biomejs/cli-linux-arm64-musl": "1.9.4",
        "@biomejs/cli-linux-x64": "1.9.4",
        "@biomejs/cli-linux-x64-musl": "1.9.4",
        "@biomejs/cli-win32-arm64": "1.9.4",
        "@biomejs/cli-win32-x64": "1.9.4"
      }
    },
    "node_modules/@biomejs/cli-darwin-arm64": {
      "version": "1.9.4",
      "resolved": "https://registry.npmjs.org/@biomejs/cli-darwin-arm64/-/cli-darwin-arm64-1.9.4.tgz",
      "integrity": "sha512-bFBsPWrNvkdKrNCYeAp+xo2HecOGPAy9WyNyB/jKnnedgzl4W4Hb9ZMzYNbf8dMCGmUdSavlYHiR01QaYR58cw==",
      "cpu": [
        "arm64"
      ],
      "dev": true,
      "optional": true,
      "os": [
        "darwin"
      ],
      "engines": {
        "node": ">=14.21.3"
      }
    },
    "node_modules/@biomejs/cli-darwin-x64": {
      "version": "1.9.4",
      "resolved": "https://registry.npmjs.org/@biomejs/cli-darwin-x64/-/cli-darwin-x64-1.9.4.tgz",
      "integrity": "sha512-ngYBh/+bEedqkSevPVhLP4QfVPCpb+4BBe2p7Xs32dBgs7rh9nY2AIYUL6BgLw1JVXV8GlpKmb/hNiuIxfPfZg==",
      "cpu": [
        "x64"
      ],
      "dev": true,
      "optional": true,
      "os": [
        "darwin"
      ],
      "engines": {
        "node": ">=14.21.3"
      }
    },
    "node_modules/@biomejs/cli-linux-arm64": {
      "version": "1.9.4",
      "resolved": "https://registry.npmjs.org/@biomejs/cli-linux-arm64/-/cli-linux-arm64-1.9.4.tgz",
      "integrity": "sha512-fJIW0+LYujdjUgJJuwesP4EjIBl/N/TcOX3IvIHJQNsAqvV2CHIogsmA94BPG6jZATS4Hi+xv4SkBBQSt1N4/g==",
      "cpu": [
        "arm64"
      ],
      "dev": true,
      "optional": true,
      "os": [
        "linux"
      ],
      "engines": {
        "node": ">=14.21.3"
      }
    },
    "node_modules/@biomejs/cli-linux-arm64-musl": {
      "version": "1.9.4",
      "resolved": "https://registry.npmjs.org/@biomejs/cli-linux-arm64-musl/-/cli-linux-arm64-musl-1.9.4.tgz",
      "integrity": "sha512-v665Ct9WCRjGa8+kTr0CzApU0+XXtRgwmzIf1SeKSGAv+2scAlW6JR5PMFo6FzqqZ64Po79cKODKf3/AAmECqA==",
      "cpu": [
        "arm64"
      ],
      "dev": true,
      "optional": true,
      "os": [
        "linux"
      ],
      "engines": {
        "node": ">=14.21.3"
      }
    },
    "node_modules/@biomejs/cli-linux-x64": {
      "version": "1.9.4",
      "resolved": "https://registry.npmjs.org/@biomejs/cli-linux-x64/-/cli-linux-x64-1.9.4.tgz",
      "integrity": "sha512-lRCJv/Vi3Vlwmbd6K+oQ0KhLHMAysN8lXoCI7XeHlxaajk06u7G+UsFSO01NAs5iYuWKmVZjmiOzJ0OJmGsMwg==",
      "cpu": [
        "x64"
      ],
      "dev": true,
      "optional": true,
      "os": [
        "linux"
      ],
      "engines": {
        "node": ">=14.21.3"
      }
    },
    "node_modules/@biomejs/cli-linux-x64-musl": {
      "version": "1.9.4",
      "resolved": "https://registry.npmjs.org/@biomejs/cli-linux-x64-musl/-/cli-linux-x64-musl-1.9.4.tgz",
      "integrity": "sha512-gEhi/jSBhZ2m6wjV530Yy8+fNqG8PAinM3oV7CyO+6c3CEh16Eizm21uHVsyVBEB6RIM8JHIl6AGYCv6Q6Q9Tg==",
      "cpu": [
        "x64"
      ],
      "dev": true,
      "optional": true,
      "os": [
        "linux"
      ],
      "engines": {
        "node": ">=14.21.3"
      }
    },
    "node_modules/@biomejs/cli-win32-arm64": {
      "version": "1.9.4",
      "resolved": "https://registry.npmjs.org/@biomejs/cli-win32-arm64/-/cli-win32-arm64-1.9.4.tgz",
      "integrity": "sha512-tlbhLk+WXZmgwoIKwHIHEBZUwxml7bRJgk0X2sPyNR3S93cdRq6XulAZRQJ17FYGGzWne0fgrXBKpl7l4M87Hg==",
      "cpu": [
        "arm64"
      ],
      "dev": true,
      "optional": true,
      "os": [
        "win32"
      ],
      "engines": {
        "node": ">=14.21.3"
      }
    },
    "node_modules/@biomejs/cli-win32-x64": {
      "version": "1.9.4",
      "resolved": "https://registry.npmjs.org/@biomejs/cli-win32-x64/-/cli-win32-x64-1.9.4.tgz",
      "integrity": "sha512-8Y5wMhVIPaWe6jw2H+KlEm4wP/f7EW3810ZLmDlrEEy5KvBsb9ECEfu/kMWD484ijfQ8+nIi0giMgu9g1UAuuA==",
      "cpu": [
        "x64"
      ],
      "dev": true,
      "optional": true,
      "os": [
        "win32"
      ],
      "engines": {
        "node": ">=14.21.3"
      }
    },
    "node_modules/@bufbuild/buf": {
      "version": "1.47.2",
      "resolved": "https://registry.npmjs.org/@bufbuild/buf/-/buf-1.47.2.tgz",
      "integrity": "sha512-glY5kCAoO4+a7HvDb+BLOdoHSdCk4mdXdkp53H8JFz7maOnkxCiHHXgRX+taFyEu25N8ybn7NjZFrZSdRwq2sA==",
      "hasInstallScript": true,
      "bin": {
        "buf": "bin/buf",
        "protoc-gen-buf-breaking": "bin/protoc-gen-buf-breaking",
        "protoc-gen-buf-lint": "bin/protoc-gen-buf-lint"
      },
      "engines": {
        "node": ">=12"
      },
      "optionalDependencies": {
        "@bufbuild/buf-darwin-arm64": "1.47.2",
        "@bufbuild/buf-darwin-x64": "1.47.2",
        "@bufbuild/buf-linux-aarch64": "1.47.2",
        "@bufbuild/buf-linux-armv7": "1.47.2",
        "@bufbuild/buf-linux-x64": "1.47.2",
        "@bufbuild/buf-win32-arm64": "1.47.2",
        "@bufbuild/buf-win32-x64": "1.47.2"
      }
    },
    "node_modules/@bufbuild/buf-darwin-arm64": {
      "version": "1.47.2",
      "resolved": "https://registry.npmjs.org/@bufbuild/buf-darwin-arm64/-/buf-darwin-arm64-1.47.2.tgz",
      "integrity": "sha512-74WerFn06y+azgVfsnzhfbI5wla/OLPDnIvaNJBWHaqya/3bfascJkDylW2GVNHmwG1K/cscpmcc/RJPaO7ntQ==",
      "cpu": [
        "arm64"
      ],
      "optional": true,
      "os": [
        "darwin"
      ],
      "engines": {
        "node": ">=12"
      }
    },
    "node_modules/@bufbuild/buf-darwin-x64": {
      "version": "1.47.2",
      "resolved": "https://registry.npmjs.org/@bufbuild/buf-darwin-x64/-/buf-darwin-x64-1.47.2.tgz",
      "integrity": "sha512-adAiOacOQe8Ym/YXPCEiq9mrPeKRmDtF2TgqPWTcDy6mF7TqR7hMJINkEEuMd1EeACmXnzMOnXlm9ICtvdYgPg==",
      "cpu": [
        "x64"
      ],
      "optional": true,
      "os": [
        "darwin"
      ],
      "engines": {
        "node": ">=12"
      }
    },
    "node_modules/@bufbuild/buf-linux-aarch64": {
      "version": "1.47.2",
      "resolved": "https://registry.npmjs.org/@bufbuild/buf-linux-aarch64/-/buf-linux-aarch64-1.47.2.tgz",
      "integrity": "sha512-52vY+Owffr5diw2PyfQJqH+Fld6zW6NhNZak4zojvc2MjZKubWM0TfNyM9jXz2YrwyB+cyxkabE60nBI80m37w==",
      "cpu": [
        "arm64"
      ],
      "optional": true,
      "os": [
        "linux"
      ],
      "engines": {
        "node": ">=12"
      }
    },
    "node_modules/@bufbuild/buf-linux-armv7": {
      "version": "1.47.2",
      "resolved": "https://registry.npmjs.org/@bufbuild/buf-linux-armv7/-/buf-linux-armv7-1.47.2.tgz",
      "integrity": "sha512-g9KtpObDeHZ/VG/0b5ZCieOao7L/WYZ0fPqFSs4N07D3APgEDhJG6vLyUcDgJMDgyLcgkNjNz0+XdYQb/tXyQw==",
      "cpu": [
        "arm"
      ],
      "optional": true,
      "os": [
        "linux"
      ],
      "engines": {
        "node": ">=12"
      }
    },
    "node_modules/@bufbuild/buf-linux-x64": {
      "version": "1.47.2",
      "resolved": "https://registry.npmjs.org/@bufbuild/buf-linux-x64/-/buf-linux-x64-1.47.2.tgz",
      "integrity": "sha512-MODCK2BzD1Mgoyr+5Sp8xA8qMNdytj8hYheyhA5NnCGTkQf8sfqAjpBSAAmKk6Zar8HOlVXML6tzE/ioDFFGwQ==",
      "cpu": [
        "x64"
      ],
      "optional": true,
      "os": [
        "linux"
      ],
      "engines": {
        "node": ">=12"
      }
    },
    "node_modules/@bufbuild/buf-win32-arm64": {
      "version": "1.47.2",
      "resolved": "https://registry.npmjs.org/@bufbuild/buf-win32-arm64/-/buf-win32-arm64-1.47.2.tgz",
      "integrity": "sha512-563YKYWJl3LrCY3G3+zuhb8HwOs6DzWslwGPFkKV2hwHyWyvd1DR1JjiLvw9zX64IKNctQ0HempSqc3kcboaqQ==",
      "cpu": [
        "arm64"
      ],
      "optional": true,
      "os": [
        "win32"
      ],
      "engines": {
        "node": ">=12"
      }
    },
    "node_modules/@bufbuild/buf-win32-x64": {
      "version": "1.47.2",
      "resolved": "https://registry.npmjs.org/@bufbuild/buf-win32-x64/-/buf-win32-x64-1.47.2.tgz",
      "integrity": "sha512-Sqcdv7La2xBDh3bTdEYb2f4UTMMqCcYe/D0RELhvQ5wDn6I35V3/2YT1OF5fRuf0BZLCo0OdO37S9L47uHSz2g==",
      "cpu": [
        "x64"
      ],
      "optional": true,
      "os": [
        "win32"
      ],
      "engines": {
        "node": ">=12"
      }
    },
    "node_modules/@bufbuild/protobuf": {
      "version": "2.2.2",
      "resolved": "https://registry.npmjs.org/@bufbuild/protobuf/-/protobuf-2.2.2.tgz",
      "integrity": "sha512-UNtPCbrwrenpmrXuRwn9jYpPoweNXj8X5sMvYgsqYyaH8jQ6LfUJSk3dJLnBK+6sfYPrF4iAIo5sd5HQ+tg75A=="
    },
    "node_modules/@bufbuild/protoc-gen-es": {
      "version": "2.0.0",
      "license": "Apache-2.0",
      "dependencies": {
        "@bufbuild/protobuf": "^2.0.0",
        "@bufbuild/protoplugin": "2.0.0"
      },
      "bin": {
        "protoc-gen-es": "bin/protoc-gen-es"
      },
      "engines": {
        "node": ">=14"
      },
      "peerDependencies": {
        "@bufbuild/protobuf": "2.0.0"
      },
      "peerDependenciesMeta": {
        "@bufbuild/protobuf": {
          "optional": true
        }
      }
    },
    "node_modules/@bufbuild/protoplugin": {
      "version": "2.0.0",
      "license": "Apache-2.0",
      "dependencies": {
        "@bufbuild/protobuf": "2.0.0",
        "@typescript/vfs": "^1.5.2",
        "typescript": "5.4.5"
      }
    },
    "node_modules/@bufbuild/protoplugin/node_modules/@bufbuild/protobuf": {
      "version": "2.0.0",
      "resolved": "https://registry.npmjs.org/@bufbuild/protobuf/-/protobuf-2.0.0.tgz",
      "integrity": "sha512-sw2JhwJyvyL0zlhG61aDzOVryEfJg2PDZFSV7i7IdC7nAE41WuXCru3QWLGiP87At0BMzKOoKO/FqEGoKygGZQ=="
    },
    "node_modules/@connectrpc/connect": {
      "version": "2.0.0",
      "resolved": "https://registry.npmjs.org/@connectrpc/connect/-/connect-2.0.0.tgz",
      "integrity": "sha512-Usm8jgaaULANJU8vVnhWssSA6nrZ4DJEAbkNtXSoZay2YD5fDyMukCxu8NEhCvFzfHvrhxhcjttvgpyhOM7xAQ==",
      "peerDependencies": {
        "@bufbuild/protobuf": "^2.2.0"
      }
    },
    "node_modules/@connectrpc/connect-node": {
      "version": "2.0.0",
      "resolved": "https://registry.npmjs.org/@connectrpc/connect-node/-/connect-node-2.0.0.tgz",
      "integrity": "sha512-DoI5T+SUvlS/8QBsxt2iDoUg15dSxqhckegrgZpWOtADtmGohBIVbx1UjtWmjLBrP4RdD0FeBw+XyRUSbpKnJQ==",
      "engines": {
        "node": ">=18.14.1"
      },
      "peerDependencies": {
        "@bufbuild/protobuf": "^2.2.0",
        "@connectrpc/connect": "2.0.0"
      }
    },
    "node_modules/@typescript/vfs": {
      "version": "1.6.0",
      "license": "MIT",
      "dependencies": {
        "debug": "^4.1.1"
      },
      "peerDependencies": {
        "typescript": "*"
      }
    },
    "node_modules/debug": {
      "version": "4.3.6",
      "license": "MIT",
      "dependencies": {
        "ms": "2.1.2"
      },
      "engines": {
        "node": ">=6.0"
      },
      "peerDependenciesMeta": {
        "supports-color": {
          "optional": true
        }
      }
    },
    "node_modules/ms": {
      "version": "2.1.2",
      "license": "MIT"
    },
    "node_modules/typescript": {
      "version": "5.4.5",
      "license": "Apache-2.0",
      "bin": {
        "tsc": "bin/tsc",
        "tsserver": "bin/tsserver"
      },
      "engines": {
        "node": ">=14.17"
      }
    }
  }
}
